// !$*UTF8*$!
{
	archiveVersion = 1;
	classes = {
	};
	objectVersion = 56;
	objects = {

/* Begin PBXBuildFile section */
		002A95EF2A10E13C004D7D38 /* t1App.swift in Sources */ = {isa = PBXBuildFile; fileRef = 002A95EE2A10E13C004D7D38 /* t1App.swift */; };
		002A95F12A10E13C004D7D38 /* ContentView.swift in Sources */ = {isa = PBXBuildFile; fileRef = 002A95F02A10E13C004D7D38 /* ContentView.swift */; };
		002A95F32A10E13C004D7D38 /* Assets.xcassets in Resources */ = {isa = PBXBuildFile; fileRef = 002A95F22A10E13C004D7D38 /* Assets.xcassets */; };
		002A95F62A10E13C004D7D38 /* Preview Assets.xcassets in Resources */ = {isa = PBXBuildFile; fileRef = 002A95F52A10E13C004D7D38 /* Preview Assets.xcassets */; };
		002A95FD2A10E14A004D7D38 /* vm.swift in Sources */ = {isa = PBXBuildFile; fileRef = 002A95FC2A10E14A004D7D38 /* vm.swift */; };
		009ABBFF2A15D93800FFD9F0 /* TabbarButton.swift in Sources */ = {isa = PBXBuildFile; fileRef = 009ABBFE2A15D93800FFD9F0 /* TabbarButton.swift */; };
		009ABC052A1601AA00FFD9F0 /* HomeView.swift in Sources */ = {isa = PBXBuildFile; fileRef = 009ABC042A1601AA00FFD9F0 /* HomeView.swift */; };
		009ABC072A1612B500FFD9F0 /* HomeFilterEnum.swift in Sources */ = {isa = PBXBuildFile; fileRef = 009ABC062A1612B500FFD9F0 /* HomeFilterEnum.swift */; };
		009ABC092A162CC000FFD9F0 /* myView.swift in Sources */ = {isa = PBXBuildFile; fileRef = 009ABC082A162CC000FFD9F0 /* myView.swift */; };
		771974A82A17417300910E7F /* GeoTest.swift in Sources */ = {isa = PBXBuildFile; fileRef = 771974A72A17417300910E7F /* GeoTest.swift */; };
/* End PBXBuildFile section */

/* Begin PBXFileReference section */
		002A95EB2A10E13C004D7D38 /* t1.app */ = {isa = PBXFileReference; explicitFileType = wrapper.application; includeInIndex = 0; path = t1.app; sourceTree = BUILT_PRODUCTS_DIR; };
		002A95EE2A10E13C004D7D38 /* t1App.swift */ = {isa = PBXFileReference; lastKnownFileType = sourcecode.swift; path = t1App.swift; sourceTree = "<group>"; };
		002A95F02A10E13C004D7D38 /* ContentView.swift */ = {isa = PBXFileReference; lastKnownFileType = sourcecode.swift; path = ContentView.swift; sourceTree = "<group>"; };
		002A95F22A10E13C004D7D38 /* Assets.xcassets */ = {isa = PBXFileReference; lastKnownFileType = folder.assetcatalog; path = Assets.xcassets; sourceTree = "<group>"; };
		002A95F52A10E13C004D7D38 /* Preview Assets.xcassets */ = {isa = PBXFileReference; lastKnownFileType = folder.assetcatalog; path = "Preview Assets.xcassets"; sourceTree = "<group>"; };
		002A95FC2A10E14A004D7D38 /* vm.swift */ = {isa = PBXFileReference; lastKnownFileType = sourcecode.swift; path = vm.swift; sourceTree = "<group>"; };
		009ABBFE2A15D93800FFD9F0 /* TabbarButton.swift */ = {isa = PBXFileReference; lastKnownFileType = sourcecode.swift; path = TabbarButton.swift; sourceTree = "<group>"; };
		009ABC042A1601AA00FFD9F0 /* HomeView.swift */ = {isa = PBXFileReference; lastKnownFileType = sourcecode.swift; path = HomeView.swift; sourceTree = "<group>"; };
		009ABC062A1612B500FFD9F0 /* HomeFilterEnum.swift */ = {isa = PBXFileReference; lastKnownFileType = sourcecode.swift; path = HomeFilterEnum.swift; sourceTree = "<group>"; };
		009ABC082A162CC000FFD9F0 /* myView.swift */ = {isa = PBXFileReference; lastKnownFileType = sourcecode.swift; path = myView.swift; sourceTree = "<group>"; };
		771974A72A17417300910E7F /* GeoTest.swift */ = {isa = PBXFileReference; lastKnownFileType = sourcecode.swift; path = GeoTest.swift; sourceTree = "<group>"; };
/* End PBXFileReference section */

/* Begin PBXFrameworksBuildPhase section */
		002A95E82A10E13C004D7D38 /* Frameworks */ = {
			isa = PBXFrameworksBuildPhase;
			buildActionMask = 2147483647;
			files = (
			);
			runOnlyForDeploymentPostprocessing = 0;
		};
/* End PBXFrameworksBuildPhase section */

/* Begin PBXGroup section */
		002A95E22A10E13C004D7D38 = {
			isa = PBXGroup;
			children = (
				002A95ED2A10E13C004D7D38 /* t1 */,
				002A95EC2A10E13C004D7D38 /* Products */,
			);
			sourceTree = "<group>";
		};
		002A95EC2A10E13C004D7D38 /* Products */ = {
			isa = PBXGroup;
			children = (
				002A95EB2A10E13C004D7D38 /* t1.app */,
			);
			name = Products;
			sourceTree = "<group>";
		};
		002A95ED2A10E13C004D7D38 /* t1 */ = {
			isa = PBXGroup;
			children = (
				002A95EE2A10E13C004D7D38 /* t1App.swift */,
				002A95F02A10E13C004D7D38 /* ContentView.swift */,
				002A95F22A10E13C004D7D38 /* Assets.xcassets */,
				002A95F42A10E13C004D7D38 /* Preview Content */,
				002A95FC2A10E14A004D7D38 /* vm.swift */,
				009ABBFE2A15D93800FFD9F0 /* TabbarButton.swift */,
				009ABC042A1601AA00FFD9F0 /* HomeView.swift */,
				009ABC062A1612B500FFD9F0 /* HomeFilterEnum.swift */,
				009ABC082A162CC000FFD9F0 /* myView.swift */,
				771974A72A17417300910E7F /* GeoTest.swift */,
			);
			path = t1;
			sourceTree = "<group>";
		};
		002A95F42A10E13C004D7D38 /* Preview Content */ = {
			isa = PBXGroup;
			children = (
				002A95F52A10E13C004D7D38 /* Preview Assets.xcassets */,
			);
			path = "Preview Content";
			sourceTree = "<group>";
		};
/* End PBXGroup section */

/* Begin PBXNativeTarget section */
		002A95EA2A10E13C004D7D38 /* t1 */ = {
			isa = PBXNativeTarget;
			buildConfigurationList = 002A95F92A10E13C004D7D38 /* Build configuration list for PBXNativeTarget "t1" */;
			buildPhases = (
				002A95E72A10E13C004D7D38 /* Sources */,
				002A95E82A10E13C004D7D38 /* Frameworks */,
				002A95E92A10E13C004D7D38 /* Resources */,
			);
			buildRules = (
			);
			dependencies = (
			);
			name = t1;
			productName = t1;
			productReference = 002A95EB2A10E13C004D7D38 /* t1.app */;
			productType = "com.apple.product-type.application";
		};
/* End PBXNativeTarget section */

/* Begin PBXProject section */
		002A95E32A10E13C004D7D38 /* Project object */ = {
			isa = PBXProject;
			attributes = {
				BuildIndependentTargetsInParallel = 1;
				LastSwiftUpdateCheck = 1430;
				LastUpgradeCheck = 1430;
				TargetAttributes = {
					002A95EA2A10E13C004D7D38 = {
						CreatedOnToolsVersion = 14.3;
					};
				};
			};
			buildConfigurationList = 002A95E62A10E13C004D7D38 /* Build configuration list for PBXProject "t1" */;
			compatibilityVersion = "Xcode 14.0";
			developmentRegion = en;
			hasScannedForEncodings = 0;
			knownRegions = (
				en,
				Base,
			);
			mainGroup = 002A95E22A10E13C004D7D38;
			productRefGroup = 002A95EC2A10E13C004D7D38 /* Products */;
			projectDirPath = "";
			projectRoot = "";
			targets = (
				002A95EA2A10E13C004D7D38 /* t1 */,
			);
		};
/* End PBXProject section */

/* Begin PBXResourcesBuildPhase section */
		002A95E92A10E13C004D7D38 /* Resources */ = {
			isa = PBXResourcesBuildPhase;
			buildActionMask = 2147483647;
			files = (
				002A95F62A10E13C004D7D38 /* Preview Assets.xcassets in Resources */,
				002A95F32A10E13C004D7D38 /* Assets.xcassets in Resources */,
			);
			runOnlyForDeploymentPostprocessing = 0;
		};
/* End PBXResourcesBuildPhase section */

/* Begin PBXSourcesBuildPhase section */
		002A95E72A10E13C004D7D38 /* Sources */ = {
			isa = PBXSourcesBuildPhase;
			buildActionMask = 2147483647;
			files = (
				002A95F12A10E13C004D7D38 /* ContentView.swift in Sources */,
				009ABC092A162CC000FFD9F0 /* myView.swift in Sources */,
				009ABBFF2A15D93800FFD9F0 /* TabbarButton.swift in Sources */,
				771974A82A17417300910E7F /* GeoTest.swift in Sources */,
				002A95FD2A10E14A004D7D38 /* vm.swift in Sources */,
				009ABC052A1601AA00FFD9F0 /* HomeView.swift in Sources */,
				002A95EF2A10E13C004D7D38 /* t1App.swift in Sources */,
				009ABC072A1612B500FFD9F0 /* HomeFilterEnum.swift in Sources */,
			);
			runOnlyForDeploymentPostprocessing = 0;
		};
/* End PBXSourcesBuildPhase section */

/* Begin XCBuildConfiguration section */
		002A95F72A10E13C004D7D38 /* Debug */ = {
			isa = XCBuildConfiguration;
			buildSettings = {
				ALWAYS_SEARCH_USER_PATHS = NO;
				CLANG_ANALYZER_NONNULL = YES;
				CLANG_ANALYZER_NUMBER_OBJECT_CONVERSION = YES_AGGRESSIVE;
				CLANG_CXX_LANGUAGE_STANDARD = "gnu++20";
				CLANG_ENABLE_MODULES = YES;
				CLANG_ENABLE_OBJC_ARC = YES;
				CLANG_ENABLE_OBJC_WEAK = YES;
				CLANG_WARN_BLOCK_CAPTURE_AUTORELEASING = YES;
				CLANG_WARN_BOOL_CONVERSION = YES;
				CLANG_WARN_COMMA = YES;
				CLANG_WARN_CONSTANT_CONVERSION = YES;
				CLANG_WARN_DEPRECATED_OBJC_IMPLEMENTATIONS = YES;
				CLANG_WARN_DIRECT_OBJC_ISA_USAGE = YES_ERROR;
				CLANG_WARN_DOCUMENTATION_COMMENTS = YES;
				CLANG_WARN_EMPTY_BODY = YES;
				CLANG_WARN_ENUM_CONVERSION = YES;
				CLANG_WARN_INFINITE_RECURSION = YES;
				CLANG_WARN_INT_CONVERSION = YES;
				CLANG_WARN_NON_LITERAL_NULL_CONVERSION = YES;
				CLANG_WARN_OBJC_IMPLICIT_RETAIN_SELF = YES;
				CLANG_WARN_OBJC_LITERAL_CONVERSION = YES;
				CLANG_WARN_OBJC_ROOT_CLASS = YES_ERROR;
				CLANG_WARN_QUOTED_INCLUDE_IN_FRAMEWORK_HEADER = YES;
				CLANG_WARN_RANGE_LOOP_ANALYSIS = YES;
				CLANG_WARN_STRICT_PROTOTYPES = YES;
				CLANG_WARN_SUSPICIOUS_MOVE = YES;
				CLANG_WARN_UNGUARDED_AVAILABILITY = YES_AGGRESSIVE;
				CLANG_WARN_UNREACHABLE_CODE = YES;
				CLANG_WARN__DUPLICATE_METHOD_MATCH = YES;
				COPY_PHASE_STRIP = NO;
				DEBUG_INFORMATION_FORMAT = dwarf;
				ENABLE_STRICT_OBJC_MSGSEND = YES;
				ENABLE_TESTABILITY = YES;
				GCC_C_LANGUAGE_STANDARD = gnu11;
				GCC_DYNAMIC_NO_PIC = NO;
				GCC_NO_COMMON_BLOCKS = YES;
				GCC_OPTIMIZATION_LEVEL = 0;
				GCC_PREPROCESSOR_DEFINITIONS = (
					"DEBUG=1",
					"$(inherited)",
				);
				GCC_WARN_64_TO_32_BIT_CONVERSION = YES;
				GCC_WARN_ABOUT_RETURN_TYPE = YES_ERROR;
				GCC_WARN_UNDECLARED_SELECTOR = YES;
				GCC_WARN_UNINITIALIZED_AUTOS = YES_AGGRESSIVE;
				GCC_WARN_UNUSED_FUNCTION = YES;
				GCC_WARN_UNUSED_VARIABLE = YES;
				IPHONEOS_DEPLOYMENT_TARGET = 16.4;
				MTL_ENABLE_DEBUG_INFO = INCLUDE_SOURCE;
				MTL_FAST_MATH = YES;
				ONLY_ACTIVE_ARCH = YES;
				SDKROOT = iphoneos;
				SWIFT_ACTIVE_COMPILATION_CONDITIONS = DEBUG;
				SWIFT_OPTIMIZATION_LEVEL = "-Onone";
			};
			name = Debug;
		};
		002A95F82A10E13C004D7D38 /* Release */ = {
			isa = XCBuildConfiguration;
			buildSettings = {
				ALWAYS_SEARCH_USER_PATHS = NO;
				CLANG_ANALYZER_NONNULL = YES;
				CLANG_ANALYZER_NUMBER_OBJECT_CONVERSION = YES_AGGRESSIVE;
				CLANG_CXX_LANGUAGE_STANDARD = "gnu++20";
				CLANG_ENABLE_MODULES = YES;
				CLANG_ENABLE_OBJC_ARC = YES;
				CLANG_ENABLE_OBJC_WEAK = YES;
				CLANG_WARN_BLOCK_CAPTURE_AUTORELEASING = YES;
				CLANG_WARN_BOOL_CONVERSION = YES;
				CLANG_WARN_COMMA = YES;
				CLANG_WARN_CONSTANT_CONVERSION = YES;
				CLANG_WARN_DEPRECATED_OBJC_IMPLEMENTATIONS = YES;
				CLANG_WARN_DIRECT_OBJC_ISA_USAGE = YES_ERROR;
				CLANG_WARN_DOCUMENTATION_COMMENTS = YES;
				CLANG_WARN_EMPTY_BODY = YES;
				CLANG_WARN_ENUM_CONVERSION = YES;
				CLANG_WARN_INFINITE_RECURSION = YES;
				CLANG_WARN_INT_CONVERSION = YES;
				CLANG_WARN_NON_LITERAL_NULL_CONVERSION = YES;
				CLANG_WARN_OBJC_IMPLICIT_RETAIN_SELF = YES;
				CLANG_WARN_OBJC_LITERAL_CONVERSION = YES;
				CLANG_WARN_OBJC_ROOT_CLASS = YES_ERROR;
				CLANG_WARN_QUOTED_INCLUDE_IN_FRAMEWORK_HEADER = YES;
				CLANG_WARN_RANGE_LOOP_ANALYSIS = YES;
				CLANG_WARN_STRICT_PROTOTYPES = YES;
				CLANG_WARN_SUSPICIOUS_MOVE = YES;
				CLANG_WARN_UNGUARDED_AVAILABILITY = YES_AGGRESSIVE;
				CLANG_WARN_UNREACHABLE_CODE = YES;
				CLANG_WARN__DUPLICATE_METHOD_MATCH = YES;
				COPY_PHASE_STRIP = NO;
				DEBUG_INFORMATION_FORMAT = "dwarf-with-dsym";
				ENABLE_NS_ASSERTIONS = NO;
				ENABLE_STRICT_OBJC_MSGSEND = YES;
				GCC_C_LANGUAGE_STANDARD = gnu11;
				GCC_NO_COMMON_BLOCKS = YES;
				GCC_WARN_64_TO_32_BIT_CONVERSION = YES;
				GCC_WARN_ABOUT_RETURN_TYPE = YES_ERROR;
				GCC_WARN_UNDECLARED_SELECTOR = YES;
				GCC_WARN_UNINITIALIZED_AUTOS = YES_AGGRESSIVE;
				GCC_WARN_UNUSED_FUNCTION = YES;
				GCC_WARN_UNUSED_VARIABLE = YES;
				IPHONEOS_DEPLOYMENT_TARGET = 16.4;
				MTL_ENABLE_DEBUG_INFO = NO;
				MTL_FAST_MATH = YES;
				SDKROOT = iphoneos;
				SWIFT_COMPILATION_MODE = wholemodule;
				SWIFT_OPTIMIZATION_LEVEL = "-O";
				VALIDATE_PRODUCT = YES;
			};
			name = Release;
		};
		002A95FA2A10E13C004D7D38 /* Debug */ = {
			isa = XCBuildConfiguration;
			buildSettings = {
				ASSETCATALOG_COMPILER_APPICON_NAME = AppIcon;
				ASSETCATALOG_COMPILER_GLOBAL_ACCENT_COLOR_NAME = AccentColor;
				CODE_SIGN_STYLE = Automatic;
				CURRENT_PROJECT_VERSION = 1;
				DEVELOPMENT_ASSET_PATHS = "\"t1/Preview Content\"";
				DEVELOPMENT_TEAM = 56F34CN49K;
				ENABLE_PREVIEWS = YES;
				GENERATE_INFOPLIST_FILE = YES;
				INFOPLIST_KEY_UIApplicationSceneManifest_Generation = YES;
				INFOPLIST_KEY_UIApplicationSupportsIndirectInputEvents = YES;
				INFOPLIST_KEY_UILaunchScreen_Generation = YES;
				INFOPLIST_KEY_UISupportedInterfaceOrientations_iPad = "UIInterfaceOrientationPortrait UIInterfaceOrientationPortraitUpsideDown UIInterfaceOrientationLandscapeLeft UIInterfaceOrientationLandscapeRight";
				INFOPLIST_KEY_UISupportedInterfaceOrientations_iPhone = "UIInterfaceOrientationPortrait UIInterfaceOrientationLandscapeLeft UIInterfaceOrientationLandscapeRight";
				LD_RUNPATH_SEARCH_PATHS = (
					"$(inherited)",
					"@executable_path/Frameworks",
				);
				MARKETING_VERSION = 1.0;
				PRODUCT_BUNDLE_IDENTIFIER = Test.t1;
				PRODUCT_NAME = "$(TARGET_NAME)";
				SWIFT_EMIT_LOC_STRINGS = YES;
				SWIFT_VERSION = 5.0;
				TARGETED_DEVICE_FAMILY = "1,2";
			};
			name = Debug;
		};
		002A95FB2A10E13C004D7D38 /* Release */ = {
			isa = XCBuildConfiguration;
			buildSettings = {
				ASSETCATALOG_COMPILER_APPICON_NAME = AppIcon;
				ASSETCATALOG_COMPILER_GLOBAL_ACCENT_COLOR_NAME = AccentColor;
				CODE_SIGN_STYLE = Automatic;
				CURRENT_PROJECT_VERSION = 1;
				DEVELOPMENT_ASSET_PATHS = "\"t1/Preview Content\"";
				DEVELOPMENT_TEAM = 56F34CN49K;
				ENABLE_PREVIEWS = YES;
				GENERATE_INFOPLIST_FILE = YES;
				INFOPLIST_KEY_UIApplicationSceneManifest_Generation = YES;
				INFOPLIST_KEY_UIApplicationSupportsIndirectInputEvents = YES;
				INFOPLIST_KEY_UILaunchScreen_Generation = YES;
				INFOPLIST_KEY_UISupportedInterfaceOrientations_iPad = "UIInterfaceOrientationPortrait UIInterfaceOrientationPortraitUpsideDown UIInterfaceOrientationLandscapeLeft UIInterfaceOrientationLandscapeRight";
				INFOPLIST_KEY_UISupportedInterfaceOrientations_iPhone = "UIInterfaceOrientationPortrait UIInterfaceOrientationLandscapeLeft UIInterfaceOrientationLandscapeRight";
				LD_RUNPATH_SEARCH_PATHS = (
					"$(inherited)",
					"@executable_path/Frameworks",
				);
				MARKETING_VERSION = 1.0;
				PRODUCT_BUNDLE_IDENTIFIER = Test.t1;
				PRODUCT_NAME = "$(TARGET_NAME)";
				SWIFT_EMIT_LOC_STRINGS = YES;
				SWIFT_VERSION = 5.0;
				TARGETED_DEVICE_FAMILY = "1,2";
			};
			name = Release;
		};
/* End XCBuildConfiguration section */

/* Begin XCConfigurationList section */
		002A95E62A10E13C004D7D38 /* Build configuration list for PBXProject "t1" */ = {
			isa = XCConfigurationList;
			buildConfigurations = (
				002A95F72A10E13C004D7D38 /* Debug */,
				002A95F82A10E13C004D7D38 /* Release */,
			);
			defaultConfigurationIsVisible = 0;
			defaultConfigurationName = Release;
		};
		002A95F92A10E13C004D7D38 /* Build configuration list for PBXNativeTarget "t1" */ = {
			isa = XCConfigurationList;
			buildConfigurations = (
				002A95FA2A10E13C004D7D38 /* Debug */,
				002A95FB2A10E13C004D7D38 /* Release */,
			);
			defaultConfigurationIsVisible = 0;
			defaultConfigurationName = Release;
		};
/* End XCConfigurationList section */
	};
	rootObject = 002A95E32A10E13C004D7D38 /* Project object */;
}
